{
  "version": 4,
  "terraform_version": "1.2.1",
  "serial": 1,
  "lineage": "bd382e37-80e3-aa10-763e-b06981a8301a",
  "outputs": {},
  "resources": [
    {
      "mode": "managed",
      "type": "aws_key_pair",
      "name": "vprofilekey",
      "provider": "provider[\"registry.terraform.io/hashicorp/aws\"]",
      "instances": [
        {
          "schema_version": 1,
          "attributes": {
            "arn": "arn:aws:ec2:ap-south-1:240646556623:key-pair/vprofilekey",
            "fingerprint": "29:0d:2b:7f:a5:61:92:80:42:c6:28:b6:b2:fa:92:a9",
            "id": "vprofilekey",
            "key_name": "vprofilekey",
            "key_name_prefix": "",
            "key_pair_id": "key-00b2172ca92698079",
            "key_type": "rsa",
            "public_key": "ssh-rsa AAAAB3NzaC1yc2EAAAADAQABAAABgQC6GHLq2EHKZ0Dkob3O7wdvLHrM6gbmwSXzogVaw6FeTUBG1tgBOeH4qH8SnzHwZNFo+QhxNJ6PR+fWwSjKwHtB8lF7HFQJct2GWuXIoxwxu8aHZXmxeoAEqQkXlOCIvZoiwpqqt1CXFYluDbKYhreOasG9RLiPgLW9sIF/NNCaNdcb8DKfYVcY0AzxM0iDKkMFJzaixY1F1V4qSsBlyxAplxfTlSu8pCNHEwmMUO33s1959yo95Xwv7jATgiD1kx/9ekaeHIpLpGnLOGdBVGxH45jWbnlt73ZZhKUfBYdzz70R4dZ1RzAr3uilS5FHUMB1sJPLhRhPUIy2hITFFFrq5QQ+9yLjUp/+enGRzDWLUix0MEHPr4OqpVSiz4xp7a6LNjxf6W6o+gJp/AvJzjF71YSsJyAkiY4LRfpVvUP0N5ni+LrVrWcaaIYC0UwS1Y+EBxRTTX2X+l3xbhgjNf5UyLWghOb41B3SMaQhnMyJRFaqss+bKTdo8u2sufxPZyE= diatoz\\kashinath@DL-IN-KA-000027",
            "tags": null,
            "tags_all": {}
          },
          "sensitive_attributes": [],
          "private": "eyJzY2hlbWFfdmVyc2lvbiI6IjEifQ=="
        }
      ]
    }
  ]
}
